
Microsoft Visual Studio Solution File, Format Version 12.00
# Visual Studio Version 17
VisualStudioVersion = 17.5.33627.172
MinimumVisualStudioVersion = 10.0.40219.1
Project("{FAE04EC0-301F-11D3-BF4B-00C04F79EFBC}") = "Morpion", "Morpion\Morpion.csproj", "{A551FFA1-89D9-4D63-9BAF-8467EE71E41B}"
EndProject
Global
	GlobalSection(SolutionConfigurationPlatforms) = preSolution
		Debug|Any CPU = Debug|Any CPU
		Release|Any CPU = Release|Any CPU
	EndGlobalSection
	GlobalSection(ProjectConfigurationPlatforms) = postSolution
		{A551FFA1-89D9-4D63-9BAF-8467EE71E41B}.Debug|Any CPU.ActiveCfg = Debug|Any CPU
		{A551FFA1-89D9-4D63-9BAF-8467EE71E41B}.Debug|Any CPU.Build.0 = Debug|Any CPU
		{A551FFA1-89D9-4D63-9BAF-8467EE71E41B}.Release|Any CPU.ActiveCfg = Release|Any CPU
		{A551FFA1-89D9-4D63-9BAF-8467EE71E41B}.Release|Any CPU.Build.0 = Release|Any CPU
	EndGlobalSection
	GlobalSection(SolutionProperties) = preSolution
		HideSolutionNode = FALSE
	EndGlobalSection
	GlobalSection(ExtensibilityGlobals) = postSolution
		SolutionGuid = {1140804B-931B-43C6-9145-E25B3FF87BE5}
	EndGlobalSection
EndGlobal
